// !$*UTF8*$!
{
	archiveVersion = 1;
	classes = {
	};
	objectVersion = 46;
	objects = {

/* Begin PBXBuildFile section */
		9AC1A9FC1639888B0034D8D7 /* UIKit.framework in Frameworks */ = {isa = PBXBuildFile; fileRef = 9AC1A9FB1639888B0034D8D7 /* UIKit.framework */; };
		9AC1A9FE1639888B0034D8D7 /* Foundation.framework in Frameworks */ = {isa = PBXBuildFile; fileRef = 9AC1A9FD1639888B0034D8D7 /* Foundation.framework */; };
		9AC1AA001639888B0034D8D7 /* CoreGraphics.framework in Frameworks */ = {isa = PBXBuildFile; fileRef = 9AC1A9FF1639888B0034D8D7 /* CoreGraphics.framework */; };
		9AC1AA061639888B0034D8D7 /* InfoPlist.strings in Resources */ = {isa = PBXBuildFile; fileRef = 9AC1AA041639888B0034D8D7 /* InfoPlist.strings */; };
		9AC1AA081639888B0034D8D7 /* main.m in Sources */ = {isa = PBXBuildFile; fileRef = 9AC1AA071639888B0034D8D7 /* main.m */; };
		9AC1AA0C1639888B0034D8D7 /* Oct25AppDelegate.m in Sources */ = {isa = PBXBuildFile; fileRef = 9AC1AA0B1639888B0034D8D7 /* Oct25AppDelegate.m */; };
		9AC1AA0E1639888B0034D8D7 /* Default.png in Resources */ = {isa = PBXBuildFile; fileRef = 9AC1AA0D1639888B0034D8D7 /* Default.png */; };
		9AC1AA101639888B0034D8D7 /* Default@2x.png in Resources */ = {isa = PBXBuildFile; fileRef = 9AC1AA0F1639888B0034D8D7 /* Default@2x.png */; };
		9AC1AA121639888B0034D8D7 /* Default-568h@2x.png in Resources */ = {isa = PBXBuildFile; fileRef = 9AC1AA111639888B0034D8D7 /* Default-568h@2x.png */; };
		9AC1AA1A163989460034D8D7 /* View.m in Sources */ = {isa = PBXBuildFile; fileRef = 9AC1AA19163989460034D8D7 /* View.m */; };
		9AC1AA27163990280034D8D7 /* Icon.png in Resources */ = {isa = PBXBuildFile; fileRef = 9AC1AA23163990280034D8D7 /* Icon.png */; };
		9AC1AA28163990280034D8D7 /* Icon-72.png in Resources */ = {isa = PBXBuildFile; fileRef = 9AC1AA24163990280034D8D7 /* Icon-72.png */; };
		9AC1AA29163990280034D8D7 /* Icon-72@2x.png in Resources */ = {isa = PBXBuildFile; fileRef = 9AC1AA25163990280034D8D7 /* Icon-72@2x.png */; };
		9AC1AA2A163990280034D8D7 /* Icon@2x.png in Resources */ = {isa = PBXBuildFile; fileRef = 9AC1AA26163990280034D8D7 /* Icon@2x.png */; };
		9AC1AA31163996DC0034D8D7 /* Localizable.strings in Resources */ = {isa = PBXBuildFile; fileRef = 9AC1AA2F163996DC0034D8D7 /* Localizable.strings */; };
		9AC1AA37163996EB0034D8D7 /* InfoPlist.strings in Resources */ = {isa = PBXBuildFile; fileRef = 9AC1AA33163996EB0034D8D7 /* InfoPlist.strings */; };
		9AC1AA38163996EB0034D8D7 /* Localizable.strings in Resources */ = {isa = PBXBuildFile; fileRef = 9AC1AA35163996EB0034D8D7 /* Localizable.strings */; };
/* End PBXBuildFile section */

/* Begin PBXFileReference section */
		9AC1A9F71639888B0034D8D7 /* Oct25.app */ = {isa = PBXFileReference; explicitFileType = wrapper.application; includeInIndex = 0; path = Oct25.app; sourceTree = BUILT_PRODUCTS_DIR; };
		9AC1A9FB1639888B0034D8D7 /* UIKit.framework */ = {isa = PBXFileReference; lastKnownFileType = wrapper.framework; name = UIKit.framework; path = System/Library/Frameworks/UIKit.framework; sourceTree = SDKROOT; };
		9AC1A9FD1639888B0034D8D7 /* Foundation.framework */ = {isa = PBXFileReference; lastKnownFileType = wrapper.framework; name = Foundation.framework; path = System/Library/Frameworks/Foundation.framework; sourceTree = SDKROOT; };
		9AC1A9FF1639888B0034D8D7 /* CoreGraphics.framework */ = {isa = PBXFileReference; lastKnownFileType = wrapper.framework; name = CoreGraphics.framework; path = System/Library/Frameworks/CoreGraphics.framework; sourceTree = SDKROOT; };
		9AC1AA031639888B0034D8D7 /* Oct25-Info.plist */ = {isa = PBXFileReference; lastKnownFileType = text.plist.xml; path = "Oct25-Info.plist"; sourceTree = "<group>"; };
		9AC1AA051639888B0034D8D7 /* en */ = {isa = PBXFileReference; lastKnownFileType = text.plist.strings; name = en; path = en.lproj/InfoPlist.strings; sourceTree = "<group>"; };
		9AC1AA071639888B0034D8D7 /* main.m */ = {isa = PBXFileReference; lastKnownFileType = sourcecode.c.objc; path = main.m; sourceTree = "<group>"; };
		9AC1AA091639888B0034D8D7 /* Oct25-Prefix.pch */ = {isa = PBXFileReference; lastKnownFileType = sourcecode.c.h; path = "Oct25-Prefix.pch"; sourceTree = "<group>"; };
		9AC1AA0A1639888B0034D8D7 /* Oct25AppDelegate.h */ = {isa = PBXFileReference; lastKnownFileType = sourcecode.c.h; path = Oct25AppDelegate.h; sourceTree = "<group>"; };
		9AC1AA0B1639888B0034D8D7 /* Oct25AppDelegate.m */ = {isa = PBXFileReference; lastKnownFileType = sourcecode.c.objc; path = Oct25AppDelegate.m; sourceTree = "<group>"; };
		9AC1AA0D1639888B0034D8D7 /* Default.png */ = {isa = PBXFileReference; lastKnownFileType = image.png; path = Default.png; sourceTree = "<group>"; };
		9AC1AA0F1639888B0034D8D7 /* Default@2x.png */ = {isa = PBXFileReference; lastKnownFileType = image.png; path = "Default@2x.png"; sourceTree = "<group>"; };
		9AC1AA111639888B0034D8D7 /* Default-568h@2x.png */ = {isa = PBXFileReference; lastKnownFileType = image.png; path = "Default-568h@2x.png"; sourceTree = "<group>"; };
		9AC1AA18163989460034D8D7 /* View.h */ = {isa = PBXFileReference; fileEncoding = 4; lastKnownFileType = sourcecode.c.h; path = View.h; sourceTree = "<group>"; };
		9AC1AA19163989460034D8D7 /* View.m */ = {isa = PBXFileReference; fileEncoding = 4; lastKnownFileType = sourcecode.c.objc; path = View.m; sourceTree = "<group>"; };
		9AC1AA23163990280034D8D7 /* Icon.png */ = {isa = PBXFileReference; lastKnownFileType = image.png; path = Icon.png; sourceTree = "<group>"; };
		9AC1AA24163990280034D8D7 /* Icon-72.png */ = {isa = PBXFileReference; lastKnownFileType = image.png; path = "Icon-72.png"; sourceTree = "<group>"; };
		9AC1AA25163990280034D8D7 /* Icon-72@2x.png */ = {isa = PBXFileReference; lastKnownFileType = image.png; path = "Icon-72@2x.png"; sourceTree = "<group>"; };
		9AC1AA26163990280034D8D7 /* Icon@2x.png */ = {isa = PBXFileReference; lastKnownFileType = image.png; path = "Icon@2x.png"; sourceTree = "<group>"; };
		9AC1AA30163996DC0034D8D7 /* es */ = {isa = PBXFileReference; lastKnownFileType = text.plist.strings; name = es; path = Localizable.strings; sourceTree = "<group>"; };
		9AC1AA34163996EB0034D8D7 /* en */ = {isa = PBXFileReference; lastKnownFileType = text.plist.strings; name = en; path = InfoPlist.strings; sourceTree = "<group>"; };
		9AC1AA36163996EB0034D8D7 /* en */ = {isa = PBXFileReference; lastKnownFileType = text.plist.strings; name = en; path = Localizable.strings; sourceTree = "<group>"; };
/* End PBXFileReference section */

/* Begin PBXFrameworksBuildPhase section */
		9AC1A9F41639888B0034D8D7 /* Frameworks */ = {
			isa = PBXFrameworksBuildPhase;
			buildActionMask = 2147483647;
			files = (
				9AC1A9FC1639888B0034D8D7 /* UIKit.framework in Frameworks */,
				9AC1A9FE1639888B0034D8D7 /* Foundation.framework in Frameworks */,
				9AC1AA001639888B0034D8D7 /* CoreGraphics.framework in Frameworks */,
			);
			runOnlyForDeploymentPostprocessing = 0;
		};
/* End PBXFrameworksBuildPhase section */

/* Begin PBXGroup section */
		9AC1A9EC1639888B0034D8D7 = {
			isa = PBXGroup;
			children = (
				9AC1AA011639888B0034D8D7 /* Oct25 */,
				9AC1A9FA1639888B0034D8D7 /* Frameworks */,
				9AC1A9F81639888B0034D8D7 /* Products */,
			);
			sourceTree = "<group>";
		};
		9AC1A9F81639888B0034D8D7 /* Products */ = {
			isa = PBXGroup;
			children = (
				9AC1A9F71639888B0034D8D7 /* Oct25.app */,
			);
			name = Products;
			sourceTree = "<group>";
		};
		9AC1A9FA1639888B0034D8D7 /* Frameworks */ = {
			isa = PBXGroup;
			children = (
				9AC1A9FB1639888B0034D8D7 /* UIKit.framework */,
				9AC1A9FD1639888B0034D8D7 /* Foundation.framework */,
				9AC1A9FF1639888B0034D8D7 /* CoreGraphics.framework */,
			);
			name = Frameworks;
			sourceTree = "<group>";
		};
		9AC1AA011639888B0034D8D7 /* Oct25 */ = {
			isa = PBXGroup;
			children = (
				9AC1AA0A1639888B0034D8D7 /* Oct25AppDelegate.h */,
				9AC1AA0B1639888B0034D8D7 /* Oct25AppDelegate.m */,
				9AC1AA18163989460034D8D7 /* View.h */,
				9AC1AA19163989460034D8D7 /* View.m */,
				9AC1AA021639888B0034D8D7 /* Supporting Files */,
			);
			path = Oct25;
			sourceTree = "<group>";
		};
		9AC1AA021639888B0034D8D7 /* Supporting Files */ = {
			isa = PBXGroup;
			children = (
				9AC1AA32163996EB0034D8D7 /* en.lproj */,
				9AC1AA2E163996DC0034D8D7 /* es.lproj */,
				9AC1AA23163990280034D8D7 /* Icon.png */,
				9AC1AA24163990280034D8D7 /* Icon-72.png */,
				9AC1AA25163990280034D8D7 /* Icon-72@2x.png */,
				9AC1AA26163990280034D8D7 /* Icon@2x.png */,
				9AC1AA031639888B0034D8D7 /* Oct25-Info.plist */,
				9AC1AA041639888B0034D8D7 /* InfoPlist.strings */,
				9AC1AA071639888B0034D8D7 /* main.m */,
				9AC1AA091639888B0034D8D7 /* Oct25-Prefix.pch */,
				9AC1AA0D1639888B0034D8D7 /* Default.png */,
				9AC1AA0F1639888B0034D8D7 /* Default@2x.png */,
				9AC1AA111639888B0034D8D7 /* Default-568h@2x.png */,
			);
			name = "Supporting Files";
			sourceTree = "<group>";
		};
		9AC1AA2E163996DC0034D8D7 /* es.lproj */ = {
			isa = PBXGroup;
			children = (
				9AC1AA2F163996DC0034D8D7 /* Localizable.strings */,
			);
			path = es.lproj;
			sourceTree = "<group>";
		};
		9AC1AA32163996EB0034D8D7 /* en.lproj */ = {
			isa = PBXGroup;
			children = (
				9AC1AA33163996EB0034D8D7 /* InfoPlist.strings */,
				9AC1AA35163996EB0034D8D7 /* Localizable.strings */,
			);
			path = en.lproj;
			sourceTree = "<group>";
		};
/* End PBXGroup section */

/* Begin PBXNativeTarget section */
		9AC1A9F61639888B0034D8D7 /* Oct25 */ = {
			isa = PBXNativeTarget;
			buildConfigurationList = 9AC1AA151639888B0034D8D7 /* Build configuration list for PBXNativeTarget "Oct25" */;
			buildPhases = (
				9AC1A9F31639888B0034D8D7 /* Sources */,
				9AC1A9F41639888B0034D8D7 /* Frameworks */,
				9AC1A9F51639888B0034D8D7 /* Resources */,
			);
			buildRules = (
			);
			dependencies = (
			);
			name = Oct25;
			productName = Oct25;
			productReference = 9AC1A9F71639888B0034D8D7 /* Oct25.app */;
			productType = "com.apple.product-type.application";
		};
/* End PBXNativeTarget section */

/* Begin PBXProject section */
		9AC1A9EE1639888B0034D8D7 /* Project object */ = {
			isa = PBXProject;
			attributes = {
				CLASSPREFIX = Oct25;
				LastUpgradeCheck = 0450;
				ORGANIZATIONNAME = "Leonardo Lavega";
			};
			buildConfigurationList = 9AC1A9F11639888B0034D8D7 /* Build configuration list for PBXProject "Oct25" */;
			compatibilityVersion = "Xcode 3.2";
			developmentRegion = English;
			hasScannedForEncodings = 0;
			knownRegions = (
				en,
				es,
			);
			mainGroup = 9AC1A9EC1639888B0034D8D7;
			productRefGroup = 9AC1A9F81639888B0034D8D7 /* Products */;
			projectDirPath = "";
			projectRoot = "";
			targets = (
				9AC1A9F61639888B0034D8D7 /* Oct25 */,
			);
		};
/* End PBXProject section */

/* Begin PBXResourcesBuildPhase section */
		9AC1A9F51639888B0034D8D7 /* Resources */ = {
			isa = PBXResourcesBuildPhase;
			buildActionMask = 2147483647;
			files = (
				9AC1AA061639888B0034D8D7 /* InfoPlist.strings in Resources */,
				9AC1AA0E1639888B0034D8D7 /* Default.png in Resources */,
				9AC1AA101639888B0034D8D7 /* Default@2x.png in Resources */,
				9AC1AA121639888B0034D8D7 /* Default-568h@2x.png in Resources */,
				9AC1AA27163990280034D8D7 /* Icon.png in Resources */,
				9AC1AA28163990280034D8D7 /* Icon-72.png in Resources */,
				9AC1AA29163990280034D8D7 /* Icon-72@2x.png in Resources */,
				9AC1AA2A163990280034D8D7 /* Icon@2x.png in Resources */,
				9AC1AA31163996DC0034D8D7 /* Localizable.strings in Resources */,
				9AC1AA37163996EB0034D8D7 /* InfoPlist.strings in Resources */,
				9AC1AA38163996EB0034D8D7 /* Localizable.strings in Resources */,
			);
			runOnlyForDeploymentPostprocessing = 0;
		};
/* End PBXResourcesBuildPhase section */

/* Begin PBXSourcesBuildPhase section */
		9AC1A9F31639888B0034D8D7 /* Sources */ = {
			isa = PBXSourcesBuildPhase;
			buildActionMask = 2147483647;
			files = (
				9AC1AA081639888B0034D8D7 /* main.m in Sources */,
				9AC1AA0C1639888B0034D8D7 /* Oct25AppDelegate.m in Sources */,
				9AC1AA1A163989460034D8D7 /* View.m in Sources */,
			);
			runOnlyForDeploymentPostprocessing = 0;
		};
/* End PBXSourcesBuildPhase section */

/* Begin PBXVariantGroup section */
		9AC1AA041639888B0034D8D7 /* InfoPlist.strings */ = {
			isa = PBXVariantGroup;
			children = (
				9AC1AA051639888B0034D8D7 /* en */,
			);
			name = InfoPlist.strings;
			sourceTree = "<group>";
		};
		9AC1AA2F163996DC0034D8D7 /* Localizable.strings */ = {
			isa = PBXVariantGroup;
			children = (
				9AC1AA30163996DC0034D8D7 /* es */,
			);
			name = Localizable.strings;
			sourceTree = "<group>";
		};
		9AC1AA33163996EB0034D8D7 /* InfoPlist.strings */ = {
			isa = PBXVariantGroup;
			children = (
				9AC1AA34163996EB0034D8D7 /* en */,
			);
			name = InfoPlist.strings;
			sourceTree = "<group>";
		};
		9AC1AA35163996EB0034D8D7 /* Localizable.strings */ = {
			isa = PBXVariantGroup;
			children = (
				9AC1AA36163996EB0034D8D7 /* en */,
			);
			name = Localizable.strings;
			sourceTree = "<group>";
		};
/* End PBXVariantGroup section */

/* Begin XCBuildConfiguration section */
		9AC1AA131639888B0034D8D7 /* Debug */ = {
			isa = XCBuildConfiguration;
			buildSettings = {
				ALWAYS_SEARCH_USER_PATHS = NO;
				CLANG_CXX_LANGUAGE_STANDARD = "gnu++0x";
				CLANG_CXX_LIBRARY = "libc++";
				CLANG_ENABLE_OBJC_ARC = YES;
				CLANG_WARN_EMPTY_BODY = YES;
				CLANG_WARN__DUPLICATE_METHOD_MATCH = YES;
				"CODE_SIGN_IDENTITY[sdk=iphoneos*]" = "iPhone Developer";
				COPY_PHASE_STRIP = NO;
				GCC_C_LANGUAGE_STANDARD = gnu99;
				GCC_DYNAMIC_NO_PIC = NO;
				GCC_OPTIMIZATION_LEVEL = 0;
				GCC_PREPROCESSOR_DEFINITIONS = (
					"DEBUG=1",
					"$(inherited)",
				);
				GCC_SYMBOLS_PRIVATE_EXTERN = NO;
				GCC_WARN_ABOUT_RETURN_TYPE = YES;
				GCC_WARN_UNINITIALIZED_AUTOS = YES;
				GCC_WARN_UNUSED_VARIABLE = YES;
				IPHONEOS_DEPLOYMENT_TARGET = 6.0;
				SDKROOT = iphoneos;
			};
			name = Debug;
		};
		9AC1AA141639888B0034D8D7 /* Release */ = {
			isa = XCBuildConfiguration;
			buildSettings = {
				ALWAYS_SEARCH_USER_PATHS = NO;
				CLANG_CXX_LANGUAGE_STANDARD = "gnu++0x";
				CLANG_CXX_LIBRARY = "libc++";
				CLANG_ENABLE_OBJC_ARC = YES;
				CLANG_WARN_EMPTY_BODY = YES;
				CLANG_WARN__DUPLICATE_METHOD_MATCH = YES;
				"CODE_SIGN_IDENTITY[sdk=iphoneos*]" = "iPhone Developer";
				COPY_PHASE_STRIP = YES;
				GCC_C_LANGUAGE_STANDARD = gnu99;
				GCC_WARN_ABOUT_RETURN_TYPE = YES;
				GCC_WARN_UNINITIALIZED_AUTOS = YES;
				GCC_WARN_UNUSED_VARIABLE = YES;
				IPHONEOS_DEPLOYMENT_TARGET = 6.0;
				OTHER_CFLAGS = "-DNS_BLOCK_ASSERTIONS=1";
				SDKROOT = iphoneos;
				VALIDATE_PRODUCT = YES;
			};
			name = Release;
		};
		9AC1AA161639888B0034D8D7 /* Debug */ = {
			isa = XCBuildConfiguration;
			buildSettings = {
				GCC_PRECOMPILE_PREFIX_HEADER = YES;
				GCC_PREFIX_HEADER = "Oct25/Oct25-Prefix.pch";
				INFOPLIST_FILE = "Oct25/Oct25-Info.plist";
				PRODUCT_NAME = "$(TARGET_NAME)";
				WRAPPER_EXTENSION = app;
			};
			name = Debug;
		};
		9AC1AA171639888B0034D8D7 /* Release */ = {
			isa = XCBuildConfiguration;
			buildSettings = {
				GCC_PRECOMPILE_PREFIX_HEADER = YES;
				GCC_PREFIX_HEADER = "Oct25/Oct25-Prefix.pch";
				INFOPLIST_FILE = "Oct25/Oct25-Info.plist";
				PRODUCT_NAME = "$(TARGET_NAME)";
				WRAPPER_EXTENSION = app;
			};
			name = Release;
		};
/* End XCBuildConfiguration section */

/* Begin XCConfigurationList section */
		9AC1A9F11639888B0034D8D7 /* Build configuration list for PBXProject "Oct25" */ = {
			isa = XCConfigurationList;
			buildConfigurations = (
				9AC1AA131639888B0034D8D7 /* Debug */,
				9AC1AA141639888B0034D8D7 /* Release */,
			);
			defaultConfigurationIsVisible = 0;
			defaultConfigurationName = Release;
		};
		9AC1AA151639888B0034D8D7 /* Build configuration list for PBXNativeTarget "Oct25" */ = {
			isa = XCConfigurationList;
			buildConfigurations = (
				9AC1AA161639888B0034D8D7 /* Debug */,
				9AC1AA171639888B0034D8D7 /* Release */,
			);
			defaultConfigurationIsVisible = 0;
		};
/* End XCConfigurationList section */
	};
	rootObject = 9AC1A9EE1639888B0034D8D7 /* Project object */;
}
